
Microsoft Visual Studio Solution File, Format Version 12.00
# Visual Studio Version 17
Project("{8BC9CEB8-8B4A-11D0-8D11-00A0C91BC942}") = "ALL_BUILD", "ALL_BUILD.vcxproj", "{FFF26839-2EA9-3D87-95AE-D896069DFE64}"
	ProjectSection(ProjectDependencies) = postProject
		{76F14D41-704B-35F3-BE5C-E4831ABD372E} = {76F14D41-704B-35F3-BE5C-E4831ABD372E}
		{BCF9ECA6-0AAA-326D-9A1F-0A68A04976CB} = {BCF9ECA6-0AAA-326D-9A1F-0A68A04976CB}
		{C071619E-1025-30FB-9D54-73E08C268F6F} = {C071619E-1025-30FB-9D54-73E08C268F6F}
		{8930A84F-6686-37E1-A9D0-1CB95A642417} = {8930A84F-6686-37E1-A9D0-1CB95A642417}
		{F40BC448-A2CD-3E2B-A9BD-77AD0F5530B6} = {F40BC448-A2CD-3E2B-A9BD-77AD0F5530B6}
		{1C9FE57C-75FC-3359-B266-867FC99141D0} = {1C9FE57C-75FC-3359-B266-867FC99141D0}
		{725A5CA5-9273-372E-BC4D-6A074D22346E} = {725A5CA5-9273-372E-BC4D-6A074D22346E}
		{14B6E76E-DFD8-3364-8D2C-05B9F234BF2D} = {14B6E76E-DFD8-3364-8D2C-05B9F234BF2D}
		{0D8F0B55-BD90-39C8-9B53-2AEBDE8020BA} = {0D8F0B55-BD90-39C8-9B53-2AEBDE8020BA}
		{37E901D2-3BC6-3688-AC82-D2FDDA1E17B9} = {37E901D2-3BC6-3688-AC82-D2FDDA1E17B9}
		{6A24B6AC-2279-3F36-9F68-A91FE78B5056} = {6A24B6AC-2279-3F36-9F68-A91FE78B5056}
	EndProjectSection
EndProject
Project("{8BC9CEB8-8B4A-11D0-8D11-00A0C91BC942}") = "ZERO_CHECK", "ZERO_CHECK.vcxproj", "{76F14D41-704B-35F3-BE5C-E4831ABD372E}"
	ProjectSection(ProjectDependencies) = postProject
	EndProjectSection
EndProject
Project("{8BC9CEB8-8B4A-11D0-8D11-00A0C91BC942}") = "domain_lib", "domain_lib.vcxproj", "{BCF9ECA6-0AAA-326D-9A1F-0A68A04976CB}"
	ProjectSection(ProjectDependencies) = postProject
		{76F14D41-704B-35F3-BE5C-E4831ABD372E} = {76F14D41-704B-35F3-BE5C-E4831ABD372E}
	EndProjectSection
EndProject
Project("{8BC9CEB8-8B4A-11D0-8D11-00A0C91BC942}") = "fterm_lib", "fterm_lib.vcxproj", "{C071619E-1025-30FB-9D54-73E08C268F6F}"
	ProjectSection(ProjectDependencies) = postProject
		{76F14D41-704B-35F3-BE5C-E4831ABD372E} = {76F14D41-704B-35F3-BE5C-E4831ABD372E}
	EndProjectSection
EndProject
Project("{8BC9CEB8-8B4A-11D0-8D11-00A0C91BC942}") = "interp1D_cpp", "interp1D_cpp.vcxproj", "{8930A84F-6686-37E1-A9D0-1CB95A642417}"
	ProjectSection(ProjectDependencies) = postProject
		{76F14D41-704B-35F3-BE5C-E4831ABD372E} = {76F14D41-704B-35F3-BE5C-E4831ABD372E}
	EndProjectSection
EndProject
Project("{8BC9CEB8-8B4A-11D0-8D11-00A0C91BC942}") = "nn_lib", "nn_lib.vcxproj", "{F40BC448-A2CD-3E2B-A9BD-77AD0F5530B6}"
	ProjectSection(ProjectDependencies) = postProject
		{76F14D41-704B-35F3-BE5C-E4831ABD372E} = {76F14D41-704B-35F3-BE5C-E4831ABD372E}
	EndProjectSection
EndProject
Project("{8BC9CEB8-8B4A-11D0-8D11-00A0C91BC942}") = "optimizer_lib", "optimizer_lib.vcxproj", "{1C9FE57C-75FC-3359-B266-867FC99141D0}"
	ProjectSection(ProjectDependencies) = postProject
		{76F14D41-704B-35F3-BE5C-E4831ABD372E} = {76F14D41-704B-35F3-BE5C-E4831ABD372E}
	EndProjectSection
EndProject
Project("{8BC9CEB8-8B4A-11D0-8D11-00A0C91BC942}") = "poisson2D_cpp", "poisson2D_cpp.vcxproj", "{725A5CA5-9273-372E-BC4D-6A074D22346E}"
	ProjectSection(ProjectDependencies) = postProject
		{76F14D41-704B-35F3-BE5C-E4831ABD372E} = {76F14D41-704B-35F3-BE5C-E4831ABD372E}
	EndProjectSection
EndProject
Project("{8BC9CEB8-8B4A-11D0-8D11-00A0C91BC942}") = "scheduler_lib", "scheduler_lib.vcxproj", "{14B6E76E-DFD8-3364-8D2C-05B9F234BF2D}"
	ProjectSection(ProjectDependencies) = postProject
		{76F14D41-704B-35F3-BE5C-E4831ABD372E} = {76F14D41-704B-35F3-BE5C-E4831ABD372E}
	EndProjectSection
EndProject
Project("{8BC9CEB8-8B4A-11D0-8D11-00A0C91BC942}") = "tCClassification_cpp", "tCClassification_cpp.vcxproj", "{0D8F0B55-BD90-39C8-9B53-2AEBDE8020BA}"
	ProjectSection(ProjectDependencies) = postProject
		{76F14D41-704B-35F3-BE5C-E4831ABD372E} = {76F14D41-704B-35F3-BE5C-E4831ABD372E}
	EndProjectSection
EndProject
Project("{8BC9CEB8-8B4A-11D0-8D11-00A0C91BC942}") = "utils_lib", "utils_lib.vcxproj", "{37E901D2-3BC6-3688-AC82-D2FDDA1E17B9}"
	ProjectSection(ProjectDependencies) = postProject
		{76F14D41-704B-35F3-BE5C-E4831ABD372E} = {76F14D41-704B-35F3-BE5C-E4831ABD372E}
	EndProjectSection
EndProject
Project("{8BC9CEB8-8B4A-11D0-8D11-00A0C91BC942}") = "vectorfield2D_cpp", "vectorfield2D_cpp.vcxproj", "{6A24B6AC-2279-3F36-9F68-A91FE78B5056}"
	ProjectSection(ProjectDependencies) = postProject
		{76F14D41-704B-35F3-BE5C-E4831ABD372E} = {76F14D41-704B-35F3-BE5C-E4831ABD372E}
	EndProjectSection
EndProject
Global
	GlobalSection(SolutionConfigurationPlatforms) = preSolution
		Debug|x64 = Debug|x64
		Release|x64 = Release|x64
		MinSizeRel|x64 = MinSizeRel|x64
		RelWithDebInfo|x64 = RelWithDebInfo|x64
	EndGlobalSection
	GlobalSection(ProjectConfigurationPlatforms) = postSolution
		{FFF26839-2EA9-3D87-95AE-D896069DFE64}.Debug|x64.ActiveCfg = Debug|x64
		{FFF26839-2EA9-3D87-95AE-D896069DFE64}.Release|x64.ActiveCfg = Release|x64
		{FFF26839-2EA9-3D87-95AE-D896069DFE64}.MinSizeRel|x64.ActiveCfg = MinSizeRel|x64
		{FFF26839-2EA9-3D87-95AE-D896069DFE64}.RelWithDebInfo|x64.ActiveCfg = RelWithDebInfo|x64
		{76F14D41-704B-35F3-BE5C-E4831ABD372E}.Debug|x64.ActiveCfg = Debug|x64
		{76F14D41-704B-35F3-BE5C-E4831ABD372E}.Debug|x64.Build.0 = Debug|x64
		{76F14D41-704B-35F3-BE5C-E4831ABD372E}.Release|x64.ActiveCfg = Release|x64
		{76F14D41-704B-35F3-BE5C-E4831ABD372E}.Release|x64.Build.0 = Release|x64
		{76F14D41-704B-35F3-BE5C-E4831ABD372E}.MinSizeRel|x64.ActiveCfg = MinSizeRel|x64
		{76F14D41-704B-35F3-BE5C-E4831ABD372E}.MinSizeRel|x64.Build.0 = MinSizeRel|x64
		{76F14D41-704B-35F3-BE5C-E4831ABD372E}.RelWithDebInfo|x64.ActiveCfg = RelWithDebInfo|x64
		{76F14D41-704B-35F3-BE5C-E4831ABD372E}.RelWithDebInfo|x64.Build.0 = RelWithDebInfo|x64
		{BCF9ECA6-0AAA-326D-9A1F-0A68A04976CB}.Debug|x64.ActiveCfg = Debug|x64
		{BCF9ECA6-0AAA-326D-9A1F-0A68A04976CB}.Debug|x64.Build.0 = Debug|x64
		{BCF9ECA6-0AAA-326D-9A1F-0A68A04976CB}.Release|x64.ActiveCfg = Release|x64
		{BCF9ECA6-0AAA-326D-9A1F-0A68A04976CB}.Release|x64.Build.0 = Release|x64
		{BCF9ECA6-0AAA-326D-9A1F-0A68A04976CB}.MinSizeRel|x64.ActiveCfg = MinSizeRel|x64
		{BCF9ECA6-0AAA-326D-9A1F-0A68A04976CB}.MinSizeRel|x64.Build.0 = MinSizeRel|x64
		{BCF9ECA6-0AAA-326D-9A1F-0A68A04976CB}.RelWithDebInfo|x64.ActiveCfg = RelWithDebInfo|x64
		{BCF9ECA6-0AAA-326D-9A1F-0A68A04976CB}.RelWithDebInfo|x64.Build.0 = RelWithDebInfo|x64
		{C071619E-1025-30FB-9D54-73E08C268F6F}.Debug|x64.ActiveCfg = Debug|x64
		{C071619E-1025-30FB-9D54-73E08C268F6F}.Debug|x64.Build.0 = Debug|x64
		{C071619E-1025-30FB-9D54-73E08C268F6F}.Release|x64.ActiveCfg = Release|x64
		{C071619E-1025-30FB-9D54-73E08C268F6F}.Release|x64.Build.0 = Release|x64
		{C071619E-1025-30FB-9D54-73E08C268F6F}.MinSizeRel|x64.ActiveCfg = MinSizeRel|x64
		{C071619E-1025-30FB-9D54-73E08C268F6F}.MinSizeRel|x64.Build.0 = MinSizeRel|x64
		{C071619E-1025-30FB-9D54-73E08C268F6F}.RelWithDebInfo|x64.ActiveCfg = RelWithDebInfo|x64
		{C071619E-1025-30FB-9D54-73E08C268F6F}.RelWithDebInfo|x64.Build.0 = RelWithDebInfo|x64
		{8930A84F-6686-37E1-A9D0-1CB95A642417}.Debug|x64.ActiveCfg = Debug|x64
		{8930A84F-6686-37E1-A9D0-1CB95A642417}.Debug|x64.Build.0 = Debug|x64
		{8930A84F-6686-37E1-A9D0-1CB95A642417}.Release|x64.ActiveCfg = Release|x64
		{8930A84F-6686-37E1-A9D0-1CB95A642417}.Release|x64.Build.0 = Release|x64
		{8930A84F-6686-37E1-A9D0-1CB95A642417}.MinSizeRel|x64.ActiveCfg = MinSizeRel|x64
		{8930A84F-6686-37E1-A9D0-1CB95A642417}.MinSizeRel|x64.Build.0 = MinSizeRel|x64
		{8930A84F-6686-37E1-A9D0-1CB95A642417}.RelWithDebInfo|x64.ActiveCfg = RelWithDebInfo|x64
		{8930A84F-6686-37E1-A9D0-1CB95A642417}.RelWithDebInfo|x64.Build.0 = RelWithDebInfo|x64
		{F40BC448-A2CD-3E2B-A9BD-77AD0F5530B6}.Debug|x64.ActiveCfg = Debug|x64
		{F40BC448-A2CD-3E2B-A9BD-77AD0F5530B6}.Debug|x64.Build.0 = Debug|x64
		{F40BC448-A2CD-3E2B-A9BD-77AD0F5530B6}.Release|x64.ActiveCfg = Release|x64
		{F40BC448-A2CD-3E2B-A9BD-77AD0F5530B6}.Release|x64.Build.0 = Release|x64
		{F40BC448-A2CD-3E2B-A9BD-77AD0F5530B6}.MinSizeRel|x64.ActiveCfg = MinSizeRel|x64
		{F40BC448-A2CD-3E2B-A9BD-77AD0F5530B6}.MinSizeRel|x64.Build.0 = MinSizeRel|x64
		{F40BC448-A2CD-3E2B-A9BD-77AD0F5530B6}.RelWithDebInfo|x64.ActiveCfg = RelWithDebInfo|x64
		{F40BC448-A2CD-3E2B-A9BD-77AD0F5530B6}.RelWithDebInfo|x64.Build.0 = RelWithDebInfo|x64
		{1C9FE57C-75FC-3359-B266-867FC99141D0}.Debug|x64.ActiveCfg = Debug|x64
		{1C9FE57C-75FC-3359-B266-867FC99141D0}.Debug|x64.Build.0 = Debug|x64
		{1C9FE57C-75FC-3359-B266-867FC99141D0}.Release|x64.ActiveCfg = Release|x64
		{1C9FE57C-75FC-3359-B266-867FC99141D0}.Release|x64.Build.0 = Release|x64
		{1C9FE57C-75FC-3359-B266-867FC99141D0}.MinSizeRel|x64.ActiveCfg = MinSizeRel|x64
		{1C9FE57C-75FC-3359-B266-867FC99141D0}.MinSizeRel|x64.Build.0 = MinSizeRel|x64
		{1C9FE57C-75FC-3359-B266-867FC99141D0}.RelWithDebInfo|x64.ActiveCfg = RelWithDebInfo|x64
		{1C9FE57C-75FC-3359-B266-867FC99141D0}.RelWithDebInfo|x64.Build.0 = RelWithDebInfo|x64
		{725A5CA5-9273-372E-BC4D-6A074D22346E}.Debug|x64.ActiveCfg = Debug|x64
		{725A5CA5-9273-372E-BC4D-6A074D22346E}.Debug|x64.Build.0 = Debug|x64
		{725A5CA5-9273-372E-BC4D-6A074D22346E}.Release|x64.ActiveCfg = Release|x64
		{725A5CA5-9273-372E-BC4D-6A074D22346E}.Release|x64.Build.0 = Release|x64
		{725A5CA5-9273-372E-BC4D-6A074D22346E}.MinSizeRel|x64.ActiveCfg = MinSizeRel|x64
		{725A5CA5-9273-372E-BC4D-6A074D22346E}.MinSizeRel|x64.Build.0 = MinSizeRel|x64
		{725A5CA5-9273-372E-BC4D-6A074D22346E}.RelWithDebInfo|x64.ActiveCfg = RelWithDebInfo|x64
		{725A5CA5-9273-372E-BC4D-6A074D22346E}.RelWithDebInfo|x64.Build.0 = RelWithDebInfo|x64
		{14B6E76E-DFD8-3364-8D2C-05B9F234BF2D}.Debug|x64.ActiveCfg = Debug|x64
		{14B6E76E-DFD8-3364-8D2C-05B9F234BF2D}.Debug|x64.Build.0 = Debug|x64
		{14B6E76E-DFD8-3364-8D2C-05B9F234BF2D}.Release|x64.ActiveCfg = Release|x64
		{14B6E76E-DFD8-3364-8D2C-05B9F234BF2D}.Release|x64.Build.0 = Release|x64
		{14B6E76E-DFD8-3364-8D2C-05B9F234BF2D}.MinSizeRel|x64.ActiveCfg = MinSizeRel|x64
		{14B6E76E-DFD8-3364-8D2C-05B9F234BF2D}.MinSizeRel|x64.Build.0 = MinSizeRel|x64
		{14B6E76E-DFD8-3364-8D2C-05B9F234BF2D}.RelWithDebInfo|x64.ActiveCfg = RelWithDebInfo|x64
		{14B6E76E-DFD8-3364-8D2C-05B9F234BF2D}.RelWithDebInfo|x64.Build.0 = RelWithDebInfo|x64
		{0D8F0B55-BD90-39C8-9B53-2AEBDE8020BA}.Debug|x64.ActiveCfg = Debug|x64
		{0D8F0B55-BD90-39C8-9B53-2AEBDE8020BA}.Debug|x64.Build.0 = Debug|x64
		{0D8F0B55-BD90-39C8-9B53-2AEBDE8020BA}.Release|x64.ActiveCfg = Release|x64
		{0D8F0B55-BD90-39C8-9B53-2AEBDE8020BA}.Release|x64.Build.0 = Release|x64
		{0D8F0B55-BD90-39C8-9B53-2AEBDE8020BA}.MinSizeRel|x64.ActiveCfg = MinSizeRel|x64
		{0D8F0B55-BD90-39C8-9B53-2AEBDE8020BA}.MinSizeRel|x64.Build.0 = MinSizeRel|x64
		{0D8F0B55-BD90-39C8-9B53-2AEBDE8020BA}.RelWithDebInfo|x64.ActiveCfg = RelWithDebInfo|x64
		{0D8F0B55-BD90-39C8-9B53-2AEBDE8020BA}.RelWithDebInfo|x64.Build.0 = RelWithDebInfo|x64
		{37E901D2-3BC6-3688-AC82-D2FDDA1E17B9}.Debug|x64.ActiveCfg = Debug|x64
		{37E901D2-3BC6-3688-AC82-D2FDDA1E17B9}.Debug|x64.Build.0 = Debug|x64
		{37E901D2-3BC6-3688-AC82-D2FDDA1E17B9}.Release|x64.ActiveCfg = Release|x64
		{37E901D2-3BC6-3688-AC82-D2FDDA1E17B9}.Release|x64.Build.0 = Release|x64
		{37E901D2-3BC6-3688-AC82-D2FDDA1E17B9}.MinSizeRel|x64.ActiveCfg = MinSizeRel|x64
		{37E901D2-3BC6-3688-AC82-D2FDDA1E17B9}.MinSizeRel|x64.Build.0 = MinSizeRel|x64
		{37E901D2-3BC6-3688-AC82-D2FDDA1E17B9}.RelWithDebInfo|x64.ActiveCfg = RelWithDebInfo|x64
		{37E901D2-3BC6-3688-AC82-D2FDDA1E17B9}.RelWithDebInfo|x64.Build.0 = RelWithDebInfo|x64
		{6A24B6AC-2279-3F36-9F68-A91FE78B5056}.Debug|x64.ActiveCfg = Debug|x64
		{6A24B6AC-2279-3F36-9F68-A91FE78B5056}.Debug|x64.Build.0 = Debug|x64
		{6A24B6AC-2279-3F36-9F68-A91FE78B5056}.Release|x64.ActiveCfg = Release|x64
		{6A24B6AC-2279-3F36-9F68-A91FE78B5056}.Release|x64.Build.0 = Release|x64
		{6A24B6AC-2279-3F36-9F68-A91FE78B5056}.MinSizeRel|x64.ActiveCfg = MinSizeRel|x64
		{6A24B6AC-2279-3F36-9F68-A91FE78B5056}.MinSizeRel|x64.Build.0 = MinSizeRel|x64
		{6A24B6AC-2279-3F36-9F68-A91FE78B5056}.RelWithDebInfo|x64.ActiveCfg = RelWithDebInfo|x64
		{6A24B6AC-2279-3F36-9F68-A91FE78B5056}.RelWithDebInfo|x64.Build.0 = RelWithDebInfo|x64
	EndGlobalSection
	GlobalSection(ExtensibilityGlobals) = postSolution
		SolutionGuid = {03EEF631-7AAF-3F77-84DD-A23E1081A6DA}
	EndGlobalSection
	GlobalSection(ExtensibilityAddIns) = postSolution
	EndGlobalSection
EndGlobal
